{
  "name": "spend-it-here",
  "requires": true,
  "lockfileVersion": 1,
  "dependencies": {
    "can-deparam": {
      "version": "1.1.1",
      "resolved": "https://registry.npmjs.org/can-deparam/-/can-deparam-1.1.1.tgz",
      "integrity": "sha512-XYP87XLpnt5uOCc10K0cH3Pi39L6D18IDlC2+a8ygBOWeklQ4v3AFh4VqsLasQSKLaVnnLtmt6xPAqzj/h8eKw==",
      "requires": {
        "can-namespace": "1.0.0"
      }
    },
    "can-namespace": {
      "version": "1.0.0",
      "resolved": "https://registry.npmjs.org/can-namespace/-/can-namespace-1.0.0.tgz",
      "integrity": "sha1-C4+vr7sRNSuerUIi/+OCJAW0Ppk="
    },
    "decode-uri-component": {
      "version": "0.2.0",
      "resolved": "https://registry.npmjs.org/decode-uri-component/-/decode-uri-component-0.2.0.tgz",
      "integrity": "sha1-6zkTMzRYd1y4TNGh+uBiEGu4dUU="
    },
    "query-string": {
      "version": "6.1.0",
      "resolved": "https://registry.npmjs.org/query-string/-/query-string-6.1.0.tgz",
      "integrity": "sha512-pNB/Gr8SA8ff8KpUFM36o/WFAlthgaThka5bV19AD9PNTH20Pwq5Zxodif2YyHwrctp6SkL4GqlOot0qR/wGaw==",
      "requires": {
        "decode-uri-component": "0.2.0",
        "strict-uri-encode": "2.0.0"
      }
    },
    "strict-uri-encode": {
      "version": "2.0.0",
      "resolved": "https://registry.npmjs.org/strict-uri-encode/-/strict-uri-encode-2.0.0.tgz",
      "integrity": "sha1-ucczDHBChi9rFC3CdLvMWGbONUY="
    }
  }
}
